
Microsoft Visual Studio Solution File, Format Version 12.00
# Visual Studio Version 17
VisualStudioVersion = 17.10.34928.147
MinimumVisualStudioVersion = 10.0.40219.1
Project("{FAE04EC0-301F-11D3-BF4B-00C04F79EFBC}") = "Visa", "..\ClassLibrary1\Visa.csproj", "{8A233EEB-D3D4-4B11-B348-8B81CCC7E4D7}"
EndProject
Global
	GlobalSection(SolutionConfigurationPlatforms) = preSolution
		Debug|Any CPU = Debug|Any CPU
		Release|Any CPU = Release|Any CPU
	EndGlobalSection
	GlobalSection(ProjectConfigurationPlatforms) = postSolution
		{8A233EEB-D3D4-4B11-B348-8B81CCC7E4D7}.Debug|Any CPU.ActiveCfg = Debug|Any CPU
		{8A233EEB-D3D4-4B11-B348-8B81CCC7E4D7}.Debug|Any CPU.Build.0 = Debug|Any CPU
		{8A233EEB-D3D4-4B11-B348-8B81CCC7E4D7}.Release|Any CPU.ActiveCfg = Release|Any CPU
		{8A233EEB-D3D4-4B11-B348-8B81CCC7E4D7}.Release|Any CPU.Build.0 = Release|Any CPU
	EndGlobalSection
	GlobalSection(SolutionProperties) = preSolution
		HideSolutionNode = FALSE
	EndGlobalSection
	GlobalSection(ExtensibilityGlobals) = postSolution
		SolutionGuid = {C249AA53-4F0B-4324-ACB4-F38CF8F8498D}
	EndGlobalSection
EndGlobal
